Microsoft Visual Studio Solution File, Format Version 12.00
Project("{FAE04EC0-301F-11D3-BF4B-00C04F79EFBC}") = "JustinWritesCode.Common", "JustinWritesCode.Common.slnproj", "{404711DB-57C0-4001-AD58-73A497C826AF}"
EndProject
Project("{9A19103F-16F7-4668-BE54-9A1E7A4F7556}") = "RestoreCommonFiles", "src\RestoreCommonFiles\RestoreCommonFiles.csproj", "{057B1A77-4FC7-40CA-B51B-192EFFA2A826}"
EndProject
Project("{9A19103F-16F7-4668-BE54-9A1E7A4F7556}") = "RestoreCommonFiles.Tests", "tests\RestoreCommonFiles.Tests.csproj", "{0FE3932F-9C54-4953-9A91-1916B1599AB6}"
EndProject
Global
	GlobalSection(SolutionConfigurationPlatforms) = preSolution
		Local|Any CPU = Local|Any CPU
		Debug|Any CPU = Debug|Any CPU
		Staging|Any CPU = Staging|Any CPU
		Release|Any CPU = Release|Any CPU
		Testing|Any CPU = Testing|Any CPU
	EndGlobalSection
	GlobalSection(ProjectConfigurationPlatforms) = postSolution
		{404711DB-57C0-4001-AD58-73A497C826AF}.Local|Any CPU.ActiveCfg = Local|Any CPU
		{404711DB-57C0-4001-AD58-73A497C826AF}.Local|Any CPU.Build.0 = Local|Any CPU
		{404711DB-57C0-4001-AD58-73A497C826AF}.Debug|Any CPU.ActiveCfg = Debug|Any CPU
		{404711DB-57C0-4001-AD58-73A497C826AF}.Debug|Any CPU.Build.0 = Debug|Any CPU
		{404711DB-57C0-4001-AD58-73A497C826AF}.Staging|Any CPU.ActiveCfg = Staging|Any CPU
		{404711DB-57C0-4001-AD58-73A497C826AF}.Staging|Any CPU.Build.0 = Staging|Any CPU
		{404711DB-57C0-4001-AD58-73A497C826AF}.Release|Any CPU.ActiveCfg = Release|Any CPU
		{404711DB-57C0-4001-AD58-73A497C826AF}.Release|Any CPU.Build.0 = Release|Any CPU
		{404711DB-57C0-4001-AD58-73A497C826AF}.Testing|Any CPU.ActiveCfg = Testing|Any CPU
		{404711DB-57C0-4001-AD58-73A497C826AF}.Testing|Any CPU.Build.0 = Testing|Any CPU
		{057B1A77-4FC7-40CA-B51B-192EFFA2A826}.Local|Any CPU.ActiveCfg = Local|Any CPU
		{057B1A77-4FC7-40CA-B51B-192EFFA2A826}.Local|Any CPU.Build.0 = Local|Any CPU
		{057B1A77-4FC7-40CA-B51B-192EFFA2A826}.Debug|Any CPU.ActiveCfg = Debug|Any CPU
		{057B1A77-4FC7-40CA-B51B-192EFFA2A826}.Debug|Any CPU.Build.0 = Debug|Any CPU
		{057B1A77-4FC7-40CA-B51B-192EFFA2A826}.Staging|Any CPU.ActiveCfg = Staging|Any CPU
		{057B1A77-4FC7-40CA-B51B-192EFFA2A826}.Staging|Any CPU.Build.0 = Staging|Any CPU
		{057B1A77-4FC7-40CA-B51B-192EFFA2A826}.Release|Any CPU.ActiveCfg = Release|Any CPU
		{057B1A77-4FC7-40CA-B51B-192EFFA2A826}.Release|Any CPU.Build.0 = Release|Any CPU
		{057B1A77-4FC7-40CA-B51B-192EFFA2A826}.Testing|Any CPU.ActiveCfg = Testing|Any CPU
		{057B1A77-4FC7-40CA-B51B-192EFFA2A826}.Testing|Any CPU.Build.0 = Testing|Any CPU
		{0FE3932F-9C54-4953-9A91-1916B1599AB6}.Local|Any CPU.ActiveCfg = Local|Any CPU
		{0FE3932F-9C54-4953-9A91-1916B1599AB6}.Local|Any CPU.Build.0 = Local|Any CPU
		{0FE3932F-9C54-4953-9A91-1916B1599AB6}.Debug|Any CPU.ActiveCfg = Debug|Any CPU
		{0FE3932F-9C54-4953-9A91-1916B1599AB6}.Debug|Any CPU.Build.0 = Debug|Any CPU
		{0FE3932F-9C54-4953-9A91-1916B1599AB6}.Staging|Any CPU.ActiveCfg = Staging|Any CPU
		{0FE3932F-9C54-4953-9A91-1916B1599AB6}.Staging|Any CPU.Build.0 = Staging|Any CPU
		{0FE3932F-9C54-4953-9A91-1916B1599AB6}.Release|Any CPU.ActiveCfg = Release|Any CPU
		{0FE3932F-9C54-4953-9A91-1916B1599AB6}.Release|Any CPU.Build.0 = Release|Any CPU
		{0FE3932F-9C54-4953-9A91-1916B1599AB6}.Testing|Any CPU.ActiveCfg = Testing|Any CPU
		{0FE3932F-9C54-4953-9A91-1916B1599AB6}.Testing|Any CPU.Build.0 = Testing|Any CPU
	EndGlobalSection
	GlobalSection(SolutionProperties) = preSolution
		HideSolutionNode = FALSE
	EndGlobalSection
	GlobalSection(ExtensibilityGlobals) = postSolution
		SolutionGuid = {368A6857-5757-4A7F-89CA-89E8666A8BD3}
	EndGlobalSection
EndGlobal
