Microsoft Visual Studio Solution File, Format Version 12.00
Project("{9A19103F-16F7-4668-BE54-9A1E7A4F7556}") = "JustinWritesCode.Common", "src\JustinWritesCode.Common.csproj", "{A44E59D8-B35A-4151-90A1-CC12988E902A}"
EndProject
Project("{9A19103F-16F7-4668-BE54-9A1E7A4F7556}") = "JustinWritesCode.Common.Tests", "tests\JustinWritesCode.Common.Tests.csproj", "{75E94CDD-E682-4A7E-97E4-2ED0E63A09DC}"
EndProject
Global
	GlobalSection(SolutionConfigurationPlatforms) = preSolution
		Testing|Any CPU = Testing|Any CPU
		Local|Any CPU = Local|Any CPU
		Debug|Any CPU = Debug|Any CPU
		Staging|Any CPU = Staging|Any CPU
		Release|Any CPU = Release|Any CPU
	EndGlobalSection
	GlobalSection(ProjectConfigurationPlatforms) = postSolution
		{A44E59D8-B35A-4151-90A1-CC12988E902A}.Testing|Any CPU.ActiveCfg = Testing|Any CPU
		{A44E59D8-B35A-4151-90A1-CC12988E902A}.Testing|Any CPU.Build.0 = Testing|Any CPU
		{A44E59D8-B35A-4151-90A1-CC12988E902A}.Local|Any CPU.ActiveCfg = Local|Any CPU
		{A44E59D8-B35A-4151-90A1-CC12988E902A}.Local|Any CPU.Build.0 = Local|Any CPU
		{A44E59D8-B35A-4151-90A1-CC12988E902A}.Debug|Any CPU.ActiveCfg = Debug|Any CPU
		{A44E59D8-B35A-4151-90A1-CC12988E902A}.Debug|Any CPU.Build.0 = Debug|Any CPU
		{A44E59D8-B35A-4151-90A1-CC12988E902A}.Staging|Any CPU.ActiveCfg = Staging|Any CPU
		{A44E59D8-B35A-4151-90A1-CC12988E902A}.Staging|Any CPU.Build.0 = Staging|Any CPU
		{A44E59D8-B35A-4151-90A1-CC12988E902A}.Release|Any CPU.ActiveCfg = Release|Any CPU
		{A44E59D8-B35A-4151-90A1-CC12988E902A}.Release|Any CPU.Build.0 = Release|Any CPU
		{75E94CDD-E682-4A7E-97E4-2ED0E63A09DC}.Testing|Any CPU.ActiveCfg = Testing|Any CPU
		{75E94CDD-E682-4A7E-97E4-2ED0E63A09DC}.Testing|Any CPU.Build.0 = Testing|Any CPU
		{75E94CDD-E682-4A7E-97E4-2ED0E63A09DC}.Local|Any CPU.ActiveCfg = Local|Any CPU
		{75E94CDD-E682-4A7E-97E4-2ED0E63A09DC}.Local|Any CPU.Build.0 = Local|Any CPU
		{75E94CDD-E682-4A7E-97E4-2ED0E63A09DC}.Debug|Any CPU.ActiveCfg = Debug|Any CPU
		{75E94CDD-E682-4A7E-97E4-2ED0E63A09DC}.Debug|Any CPU.Build.0 = Debug|Any CPU
		{75E94CDD-E682-4A7E-97E4-2ED0E63A09DC}.Staging|Any CPU.ActiveCfg = Staging|Any CPU
		{75E94CDD-E682-4A7E-97E4-2ED0E63A09DC}.Staging|Any CPU.Build.0 = Staging|Any CPU
		{75E94CDD-E682-4A7E-97E4-2ED0E63A09DC}.Release|Any CPU.ActiveCfg = Release|Any CPU
		{75E94CDD-E682-4A7E-97E4-2ED0E63A09DC}.Release|Any CPU.Build.0 = Release|Any CPU
	EndGlobalSection
	GlobalSection(SolutionProperties) = preSolution
		HideSolutionNode = FALSE
	EndGlobalSection
	GlobalSection(ExtensibilityGlobals) = postSolution
		SolutionGuid = {2504BEAA-0B5B-45A3-BE38-DC25479406C9}
	EndGlobalSection
EndGlobal
