Microsoft Visual Studio Solution File, Format Version 12.00
Project("{2150E333-8FDC-42A3-9474-1A3956D46DE8}") = "Solution Items", "Solution Items", "{B283EBC2-E01F-412D-9339-FD56EF114549}" 
	ProjectSection(SolutionItems) = preProject
		Directory.Build.props = Directory.Build.props
		Directory.Build.targets = Directory.Build.targets
		Directory.Build\AssemblySigning.props = Directory.Build\AssemblySigning.props
		Directory.Build\Authors-Owners.props = Directory.Build\Authors-Owners.props
		Directory.Build\Authors-Owners.targets = Directory.Build\Authors-Owners.targets
		Directory.Build\Baz.props = Directory.Build\Baz.props
		Directory.Build\BuildConfigurations.props = Directory.Build\BuildConfigurations.props
		Directory.Build\CodeDocumentation.props = Directory.Build\CodeDocumentation.props
		Directory.Build\CodeGeneration.props = Directory.Build\CodeGeneration.props
		Directory.Build\Configuration.props = Directory.Build\Configuration.props
		Directory.Build\CopyFilesAndSymbolsFromPackages.props = Directory.Build\CopyFilesAndSymbolsFromPackages.props
		Directory.Build\Copyright.targets = Directory.Build\Copyright.targets
		Directory.Build\CustomBeforeAndAfterCentralPackageVersions.props = Directory.Build\CustomBeforeAndAfterCentralPackageVersions.props
		Directory.Build\CustomBeforeAndAfterNoTargets.props = Directory.Build\CustomBeforeAndAfterNoTargets.props
		Directory.Build\CustomBeforeAndAfterTraversal.props = Directory.Build\CustomBeforeAndAfterTraversal.props
		Directory.Build\CustomBeforeSlnGen.targets = Directory.Build\CustomBeforeSlnGen.targets
		Directory.Build\ItemDefinitionGroups.props = Directory.Build\ItemDefinitionGroups.props
		Directory.Build\MinVer.props = Directory.Build\MinVer.props
		Directory.Build\MinVer.targets = Directory.Build\MinVer.targets
		Directory.Build\NoWarn.props = Directory.Build\NoWarn.props
		Directory.Build\NuGetizer.props = Directory.Build\NuGetizer.props
		Directory.Build\NuGetOutputs.props = Directory.Build\NuGetOutputs.props
		Directory.Build\NuGetSources.props = Directory.Build\NuGetSources.props
		Directory.Build\PackageDescription.targets = Directory.Build\PackageDescription.targets
		Directory.Build\PackageIcon.props = Directory.Build\PackageIcon.props
		Directory.Build\PackageMetadata.props = Directory.Build\PackageMetadata.props
		Directory.Build\PackageMetadata.targets = Directory.Build\PackageMetadata.targets
		Directory.Build\PackageProjectUrl.props = Directory.Build\PackageProjectUrl.props
		Directory.Build\PackageProjectUrl.targets = Directory.Build\PackageProjectUrl.targets
		Directory.Build\PackageReadme.targets = Directory.Build\PackageReadme.targets
		Directory.Build\PackageTags.props = Directory.Build\PackageTags.props
		Directory.Build\PackageTags.targets = Directory.Build\PackageTags.targets
		Directory.Build\Publishing.props = Directory.Build\Publishing.props
		Directory.Build\SlnGen.props = Directory.Build\SlnGen.props
		Directory.Build\TestingLocal.props = Directory.Build\TestingLocal.props
		Directory.Build\TestingLocal.targets = Directory.Build\TestingLocal.targets
		Packages.props = Packages.props
		Packages\AnyOf.pkgs = Packages\AnyOf.pkgs
		Packages\APIVersioning.pkgs = Packages\APIVersioning.pkgs
		Packages\AutoMapper.pkgs = Packages\AutoMapper.pkgs
		Packages\Azure.pkgs = Packages\Azure.pkgs
		Packages\AzureFunctions.pkgs = Packages\AzureFunctions.pkgs
		Packages\Cryptography.pkgs = Packages\Cryptography.pkgs
		Packages\EFCore.pkgs = Packages\EFCore.pkgs
		Packages\GlobalBuild.pkgs = Packages\GlobalBuild.pkgs
		Packages\GlobalCodeGenerators.pkgs = Packages\GlobalCodeGenerators.pkgs
		Packages\Images.pkgs = Packages\Images.pkgs
		Packages\JustinWritesCode.pkgs = Packages\JustinWritesCode.pkgs
		Packages\McMaster.CommandLineUtils.pkgs = Packages\McMaster.CommandLineUtils.pkgs
		Packages\Microsoft.AspNetCore.pkgs = Packages\Microsoft.AspNetCore.pkgs
		Packages\Microsoft.Extensions.pkgs = Packages\Microsoft.Extensions.pkgs
		Packages\Miscellany.pkgs = Packages\Miscellany.pkgs
		Packages\MSBuild.pkgs = Packages\MSBuild.pkgs
		Packages\MSBuildProjectCreator.pkgs = Packages\MSBuildProjectCreator.pkgs
		Packages\MSBuildSdks.pkgs = Packages\MSBuildSdks.pkgs
		Packages\NetAnalyzers.pkgs = Packages\NetAnalyzers.pkgs
		Packages\Newtonsoft.Json.pkgs = Packages\Newtonsoft.Json.pkgs
		Packages\NuGet.pkgs = Packages\NuGet.pkgs
		Packages\Roslyn.pkgs = Packages\Roslyn.pkgs
		Packages\SlnGen.pkgs = Packages\SlnGen.pkgs
		Packages\Swashbuckle.pkgs = Packages\Swashbuckle.pkgs
		Packages\System.pkgs = Packages\System.pkgs
		Packages\Telegram.pkgs = Packages\Telegram.pkgs
		Packages\Testing.EfCore.pkgs = Packages\Testing.EfCore.pkgs
		Packages\Testing.pkgs = Packages\Testing.pkgs
		Packages\Validation.pkgs = Packages\Validation.pkgs
		Packages\XmlDocMd.pkgs = Packages\XmlDocMd.pkgs
		NuGet.config = NuGet.config
		docs\CODEOWNERS = docs\CODEOWNERS
		docs\CODE_OF_CONDUCT.md = docs\CODE_OF_CONDUCT.md
		docs\CONTRIBUTING.md = docs\CONTRIBUTING.md
		docs\index.md = docs\index.md
		docs\LICENSE.md = docs\LICENSE.md
		docs\SUPPORT.md = docs\SUPPORT.md
		global.json = global.json
		assets\JustinWritesCode.PublicKey = assets\JustinWritesCode.PublicKey
		assets\JustinWritesCode.snk = assets\JustinWritesCode.snk
		.gitignore = .gitignore
		.github\funding.yml = .github\funding.yml
		.github\ISSUE_TEMPLATE\bug_report.yml = .github\ISSUE_TEMPLATE\bug_report.yml
		.github\ISSUE_TEMPLATE\config.yml = .github\ISSUE_TEMPLATE\config.yml
		.github\ISSUE_TEMPLATE\feature_request.yml = .github\ISSUE_TEMPLATE\feature_request.yml
		.github\ISSUE_TEMPLATE\security_report.yml = .github\ISSUE_TEMPLATE\security_report.yml
		.github\PULL_REQUEST_TEMPLATE.md = .github\PULL_REQUEST_TEMPLATE.md
		.github\pull_request_template.yaml = .github\pull_request_template.yaml
		.github\SECURITY.md = .github\SECURITY.md
		.github\workflows\docs-ci.yml = .github\workflows\docs-ci.yml
		.vscode\tasks.json = .vscode\tasks.json
		Versions\Versions.Debug.json = Versions\Versions.Debug.json
		Versions\Versions.Debug.props = Versions\Versions.Debug.props
		Versions\Versions.Local.json = Versions\Versions.Local.json
		Versions\Versions.Local.props = Versions\Versions.Local.props
	EndProjectSection
EndProject
Project("{FAE04EC0-301F-11D3-BF4B-00C04F79EFBC}") = "JustinWritesCode.Common", "JustinWritesCode.Common.slnproj", "{404711DB-57C0-4001-AD58-73A497C826AF}"
EndProject
Project("{9A19103F-16F7-4668-BE54-9A1E7A4F7556}") = "JustinWritesCode.Common.RestoreCommonFilesSln", "src\JustinWritesCode.Common.RestoreCommonFiles.csproj", "{E13D3A8A-1D96-4789-B253-854A90C71D8D}"
EndProject
Project("{9A19103F-16F7-4668-BE54-9A1E7A4F7556}") = "JustinWritesCode.Common.RestoreCommonFiles.TestsSln", "tests\JustinWritesCode.Common.RestoreCommonFiles.Tests.csproj", "{86CF52C2-F983-4F1A-BFAC-76B249A4EEE6}"
EndProject
Global
	GlobalSection(SolutionConfigurationPlatforms) = preSolution
		Debug|Any CPU = Debug|Any CPU
		Testing|Any CPU = Testing|Any CPU
		Local|Any CPU = Local|Any CPU
		Staging|Any CPU = Staging|Any CPU
		Release|Any CPU = Release|Any CPU
	EndGlobalSection
	GlobalSection(ProjectConfigurationPlatforms) = postSolution
		{404711DB-57C0-4001-AD58-73A497C826AF}.Debug|Any CPU.ActiveCfg = Debug|Any CPU
		{404711DB-57C0-4001-AD58-73A497C826AF}.Debug|Any CPU.Build.0 = Debug|Any CPU
		{404711DB-57C0-4001-AD58-73A497C826AF}.Testing|Any CPU.ActiveCfg = Debug|Any CPU
		{404711DB-57C0-4001-AD58-73A497C826AF}.Local|Any CPU.ActiveCfg = Debug|Any CPU
		{404711DB-57C0-4001-AD58-73A497C826AF}.Staging|Any CPU.ActiveCfg = Debug|Any CPU
		{404711DB-57C0-4001-AD58-73A497C826AF}.Release|Any CPU.ActiveCfg = Debug|Any CPU
		{E13D3A8A-1D96-4789-B253-854A90C71D8D}.Debug|Any CPU.ActiveCfg = Debug|Any CPU
		{E13D3A8A-1D96-4789-B253-854A90C71D8D}.Debug|Any CPU.Build.0 = Debug|Any CPU
		{E13D3A8A-1D96-4789-B253-854A90C71D8D}.Testing|Any CPU.ActiveCfg = Testing|Any CPU
		{E13D3A8A-1D96-4789-B253-854A90C71D8D}.Testing|Any CPU.Build.0 = Testing|Any CPU
		{E13D3A8A-1D96-4789-B253-854A90C71D8D}.Local|Any CPU.ActiveCfg = Local|Any CPU
		{E13D3A8A-1D96-4789-B253-854A90C71D8D}.Local|Any CPU.Build.0 = Local|Any CPU
		{E13D3A8A-1D96-4789-B253-854A90C71D8D}.Staging|Any CPU.ActiveCfg = Staging|Any CPU
		{E13D3A8A-1D96-4789-B253-854A90C71D8D}.Staging|Any CPU.Build.0 = Staging|Any CPU
		{E13D3A8A-1D96-4789-B253-854A90C71D8D}.Release|Any CPU.ActiveCfg = Release|Any CPU
		{E13D3A8A-1D96-4789-B253-854A90C71D8D}.Release|Any CPU.Build.0 = Release|Any CPU
		{86CF52C2-F983-4F1A-BFAC-76B249A4EEE6}.Debug|Any CPU.ActiveCfg = Debug|Any CPU
		{86CF52C2-F983-4F1A-BFAC-76B249A4EEE6}.Debug|Any CPU.Build.0 = Debug|Any CPU
		{86CF52C2-F983-4F1A-BFAC-76B249A4EEE6}.Testing|Any CPU.ActiveCfg = Testing|Any CPU
		{86CF52C2-F983-4F1A-BFAC-76B249A4EEE6}.Testing|Any CPU.Build.0 = Testing|Any CPU
		{86CF52C2-F983-4F1A-BFAC-76B249A4EEE6}.Local|Any CPU.ActiveCfg = Local|Any CPU
		{86CF52C2-F983-4F1A-BFAC-76B249A4EEE6}.Local|Any CPU.Build.0 = Local|Any CPU
		{86CF52C2-F983-4F1A-BFAC-76B249A4EEE6}.Staging|Any CPU.ActiveCfg = Staging|Any CPU
		{86CF52C2-F983-4F1A-BFAC-76B249A4EEE6}.Staging|Any CPU.Build.0 = Staging|Any CPU
		{86CF52C2-F983-4F1A-BFAC-76B249A4EEE6}.Release|Any CPU.ActiveCfg = Release|Any CPU
		{86CF52C2-F983-4F1A-BFAC-76B249A4EEE6}.Release|Any CPU.Build.0 = Release|Any CPU
	EndGlobalSection
	GlobalSection(SolutionProperties) = preSolution
		HideSolutionNode = FALSE
	EndGlobalSection
	GlobalSection(ExtensibilityGlobals) = postSolution
		SolutionGuid = {368A6857-5757-4A7F-89CA-89E8666A8BD3}
	EndGlobalSection
EndGlobal
