Microsoft Visual Studio Solution File, Format Version 12.00
Project("{FF286327-C783-4F7A-AB73-9BCBAD0D4460}") = "JustinWritesCodeSdk", "JustinWritesCodeSdk.nuproj", "{0C88F4B4-53A8-482E-954D-6EB8DE660B60}"
EndProject
Global
	GlobalSection(SolutionConfigurationPlatforms) = preSolution
		Debug|Any CPU = Debug|Any CPU
		Release|Any CPU = Release|Any CPU
	EndGlobalSection
	GlobalSection(ProjectConfigurationPlatforms) = postSolution
		{0C88F4B4-53A8-482E-954D-6EB8DE660B60}.Debug|Any CPU.ActiveCfg = Debug|Any CPU
		{0C88F4B4-53A8-482E-954D-6EB8DE660B60}.Debug|Any CPU.Build.0 = Debug|Any CPU
		{0C88F4B4-53A8-482E-954D-6EB8DE660B60}.Release|Any CPU.ActiveCfg = Release|Any CPU
		{0C88F4B4-53A8-482E-954D-6EB8DE660B60}.Release|Any CPU.Build.0 = Release|Any CPU
	EndGlobalSection
	GlobalSection(SolutionProperties) = preSolution
		HideSolutionNode = FALSE
	EndGlobalSection
	GlobalSection(ExtensibilityGlobals) = postSolution
		SolutionGuid = {3B816172-1208-4944-B64F-7CF4EED97269}
	EndGlobalSection
EndGlobal
