Microsoft Visual Studio Solution File, Format Version 12.00
Project("{9A19103F-16F7-4668-BE54-9A1E7A4F7556}") = "JustInTimeVersioning", "JustInTimeVersioning.csproj", "{DDE3261C-C5F4-4BAF-8938-2FF88D2B66A5}"
EndProject
Project("{2150E333-8FDC-42A3-9474-1A3956D46DE8}") = "src", "src", "{31491FE5-A54B-43C4-93AD-70A655607303}"
EndProject
Global
	GlobalSection(SolutionConfigurationPlatforms) = preSolution
		Testing|Any CPU = Testing|Any CPU
		Local|Any CPU = Local|Any CPU
		Debug|Any CPU = Debug|Any CPU
		Staging|Any CPU = Staging|Any CPU
		Release|Any CPU = Release|Any CPU
	EndGlobalSection
	GlobalSection(ProjectConfigurationPlatforms) = postSolution
		{DDE3261C-C5F4-4BAF-8938-2FF88D2B66A5}.Testing|Any CPU.ActiveCfg = Testing|Any CPU
		{DDE3261C-C5F4-4BAF-8938-2FF88D2B66A5}.Testing|Any CPU.Build.0 = Testing|Any CPU
		{DDE3261C-C5F4-4BAF-8938-2FF88D2B66A5}.Local|Any CPU.ActiveCfg = Local|Any CPU
		{DDE3261C-C5F4-4BAF-8938-2FF88D2B66A5}.Local|Any CPU.Build.0 = Local|Any CPU
		{DDE3261C-C5F4-4BAF-8938-2FF88D2B66A5}.Debug|Any CPU.ActiveCfg = Debug|Any CPU
		{DDE3261C-C5F4-4BAF-8938-2FF88D2B66A5}.Debug|Any CPU.Build.0 = Debug|Any CPU
		{DDE3261C-C5F4-4BAF-8938-2FF88D2B66A5}.Staging|Any CPU.ActiveCfg = Staging|Any CPU
		{DDE3261C-C5F4-4BAF-8938-2FF88D2B66A5}.Staging|Any CPU.Build.0 = Staging|Any CPU
		{DDE3261C-C5F4-4BAF-8938-2FF88D2B66A5}.Release|Any CPU.ActiveCfg = Release|Any CPU
		{DDE3261C-C5F4-4BAF-8938-2FF88D2B66A5}.Release|Any CPU.Build.0 = Release|Any CPU
	EndGlobalSection
	GlobalSection(SolutionProperties) = preSolution
		HideSolutionNode = FALSE
	EndGlobalSection
	GlobalSection(NestedProjects) = preSolution
		{DDE3261C-C5F4-4BAF-8938-2FF88D2B66A5} = {31491FE5-A54B-43C4-93AD-70A655607303}
	EndGlobalSection
	GlobalSection(ExtensibilityGlobals) = postSolution
		SolutionGuid = {8998A3A6-EFAB-4D8B-B529-A059B60CFFA1}
	EndGlobalSection
EndGlobal
