Microsoft Visual Studio Solution File, Format Version 12.00
Project("{9A19103F-16F7-4668-BE54-9A1E7A4F7556}") = "JustInTimeVersioning", "JustInTimeVersioning.csproj", "{C8176D34-3EE1-4701-9C98-ACE76750F4FE}"
EndProject
Project("{2150E333-8FDC-42A3-9474-1A3956D46DE8}") = "src", "src", "{C66334AE-FC00-4974-B1E8-C9FC188C0E33}"
EndProject
Global
	GlobalSection(SolutionConfigurationPlatforms) = preSolution
		Testing|Any CPU = Testing|Any CPU
		Local|Any CPU = Local|Any CPU
		Debug|Any CPU = Debug|Any CPU
		Staging|Any CPU = Staging|Any CPU
		Release|Any CPU = Release|Any CPU
	EndGlobalSection
	GlobalSection(ProjectConfigurationPlatforms) = postSolution
		{C8176D34-3EE1-4701-9C98-ACE76750F4FE}.Testing|Any CPU.ActiveCfg = Testing|Any CPU
		{C8176D34-3EE1-4701-9C98-ACE76750F4FE}.Testing|Any CPU.Build.0 = Testing|Any CPU
		{C8176D34-3EE1-4701-9C98-ACE76750F4FE}.Local|Any CPU.ActiveCfg = Local|Any CPU
		{C8176D34-3EE1-4701-9C98-ACE76750F4FE}.Local|Any CPU.Build.0 = Local|Any CPU
		{C8176D34-3EE1-4701-9C98-ACE76750F4FE}.Debug|Any CPU.ActiveCfg = Debug|Any CPU
		{C8176D34-3EE1-4701-9C98-ACE76750F4FE}.Debug|Any CPU.Build.0 = Debug|Any CPU
		{C8176D34-3EE1-4701-9C98-ACE76750F4FE}.Staging|Any CPU.ActiveCfg = Staging|Any CPU
		{C8176D34-3EE1-4701-9C98-ACE76750F4FE}.Staging|Any CPU.Build.0 = Staging|Any CPU
		{C8176D34-3EE1-4701-9C98-ACE76750F4FE}.Release|Any CPU.ActiveCfg = Release|Any CPU
		{C8176D34-3EE1-4701-9C98-ACE76750F4FE}.Release|Any CPU.Build.0 = Release|Any CPU
	EndGlobalSection
	GlobalSection(SolutionProperties) = preSolution
		HideSolutionNode = FALSE
	EndGlobalSection
	GlobalSection(NestedProjects) = preSolution
		{C8176D34-3EE1-4701-9C98-ACE76750F4FE} = {C66334AE-FC00-4974-B1E8-C9FC188C0E33}
	EndGlobalSection
	GlobalSection(ExtensibilityGlobals) = postSolution
		SolutionGuid = {2C038586-F634-461B-A12E-AB39595AE188}
	EndGlobalSection
EndGlobal
