Microsoft Visual Studio Solution File, Format Version 12.00
Project("{FF286327-C783-4F7A-AB73-9BCBAD0D4460}") = "RestoreProjSdk", "RestoreProjSdk.nuproj", "{7C78205B-951A-41AF-9F33-D6A73CEF49F9}"
EndProject
Project("{2150E333-8FDC-42A3-9474-1A3956D46DE8}") = "src-shared", "src-shared", "{CDA6AC3D-E38F-4E6F-BBF7-3CAE75F1CA73}"
EndProject
Global
	GlobalSection(SolutionConfigurationPlatforms) = preSolution
		Testing|Any CPU = Testing|Any CPU
		Local|Any CPU = Local|Any CPU
		Debug|Any CPU = Debug|Any CPU
		Staging|Any CPU = Staging|Any CPU
		Release|Any CPU = Release|Any CPU
	EndGlobalSection
	GlobalSection(ProjectConfigurationPlatforms) = postSolution
		{7C78205B-951A-41AF-9F33-D6A73CEF49F9}.Testing|Any CPU.ActiveCfg = Testing|Any CPU
		{7C78205B-951A-41AF-9F33-D6A73CEF49F9}.Testing|Any CPU.Build.0 = Testing|Any CPU
		{7C78205B-951A-41AF-9F33-D6A73CEF49F9}.Local|Any CPU.ActiveCfg = Local|Any CPU
		{7C78205B-951A-41AF-9F33-D6A73CEF49F9}.Local|Any CPU.Build.0 = Local|Any CPU
		{7C78205B-951A-41AF-9F33-D6A73CEF49F9}.Debug|Any CPU.ActiveCfg = Debug|Any CPU
		{7C78205B-951A-41AF-9F33-D6A73CEF49F9}.Debug|Any CPU.Build.0 = Debug|Any CPU
		{7C78205B-951A-41AF-9F33-D6A73CEF49F9}.Staging|Any CPU.ActiveCfg = Staging|Any CPU
		{7C78205B-951A-41AF-9F33-D6A73CEF49F9}.Staging|Any CPU.Build.0 = Staging|Any CPU
		{7C78205B-951A-41AF-9F33-D6A73CEF49F9}.Release|Any CPU.ActiveCfg = Release|Any CPU
		{7C78205B-951A-41AF-9F33-D6A73CEF49F9}.Release|Any CPU.Build.0 = Release|Any CPU
	EndGlobalSection
	GlobalSection(SolutionProperties) = preSolution
		HideSolutionNode = FALSE
	EndGlobalSection
	GlobalSection(NestedProjects) = preSolution
		{7C78205B-951A-41AF-9F33-D6A73CEF49F9} = {CDA6AC3D-E38F-4E6F-BBF7-3CAE75F1CA73}
	EndGlobalSection
	GlobalSection(ExtensibilityGlobals) = postSolution
		SolutionGuid = {EB29948E-A699-406B-8C6D-B418127D56B8}
	EndGlobalSection
EndGlobal
